
Microsoft Visual Studio Solution File, Format Version 12.00
# Visual Studio Version 17
VisualStudioVersion = 17.4.33213.308
MinimumVisualStudioVersion = 10.0.40219.1
Project("{FAE04EC0-301F-11D3-BF4B-00C04F79EFBC}") = "MNK", "MNK.csproj", "{8E29903D-2D1A-40E0-B830-E21665C83B2B}"
EndProject
Global
	GlobalSection(SolutionConfigurationPlatforms) = preSolution
		Debug|Any CPU = Debug|Any CPU
		Debug|x86 = Debug|x86
		Release|Any CPU = Release|Any CPU
		Release|x86 = Release|x86
	EndGlobalSection
	GlobalSection(ProjectConfigurationPlatforms) = postSolution
		{8E29903D-2D1A-40E0-B830-E21665C83B2B}.Debug|Any CPU.ActiveCfg = Debug|Any CPU
		{8E29903D-2D1A-40E0-B830-E21665C83B2B}.Debug|Any CPU.Build.0 = Debug|Any CPU
		{8E29903D-2D1A-40E0-B830-E21665C83B2B}.Debug|x86.ActiveCfg = Debug|x86
		{8E29903D-2D1A-40E0-B830-E21665C83B2B}.Debug|x86.Build.0 = Debug|x86
		{8E29903D-2D1A-40E0-B830-E21665C83B2B}.Release|Any CPU.ActiveCfg = Release|Any CPU
		{8E29903D-2D1A-40E0-B830-E21665C83B2B}.Release|Any CPU.Build.0 = Release|Any CPU
		{8E29903D-2D1A-40E0-B830-E21665C83B2B}.Release|x86.ActiveCfg = Release|x86
		{8E29903D-2D1A-40E0-B830-E21665C83B2B}.Release|x86.Build.0 = Release|x86
	EndGlobalSection
	GlobalSection(SolutionProperties) = preSolution
		HideSolutionNode = FALSE
	EndGlobalSection
	GlobalSection(ExtensibilityGlobals) = postSolution
		SolutionGuid = {CA12C7A0-3A59-484A-B108-4AE9E7F38407}
	EndGlobalSection
EndGlobal
